Microsoft Visual Studio Solution File, Format Version 12.00
# Visual Studio Version 17
VisualStudioVersion = 17.5.2.0
MinimumVisualStudioVersion = 10.0.40219.1
Project("{FAE04EC0-301F-11D3-BF4B-00C04F79EFBC}") = "LeagueApi", "LeagueApi\LeagueApi.csproj", "{87D06C56-9DB0-B3B2-416B-51A943E8BA6A}"
EndProject
Global
	GlobalSection(SolutionConfigurationPlatforms) = preSolution
		Debug|Any CPU = Debug|Any CPU
		Release|Any CPU = Release|Any CPU
	EndGlobalSection
	GlobalSection(ProjectConfigurationPlatforms) = postSolution
		{87D06C56-9DB0-B3B2-416B-51A943E8BA6A}.Debug|Any CPU.ActiveCfg = Debug|Any CPU
		{87D06C56-9DB0-B3B2-416B-51A943E8BA6A}.Debug|Any CPU.Build.0 = Debug|Any CPU
		{87D06C56-9DB0-B3B2-416B-51A943E8BA6A}.Release|Any CPU.ActiveCfg = Release|Any CPU
		{87D06C56-9DB0-B3B2-416B-51A943E8BA6A}.Release|Any CPU.Build.0 = Release|Any CPU
	EndGlobalSection
	GlobalSection(SolutionProperties) = preSolution
		HideSolutionNode = FALSE
	EndGlobalSection
	GlobalSection(ExtensibilityGlobals) = postSolution
		SolutionGuid = {C9E43CEB-B14B-4AC8-B003-9A8B5D6D78AB}
	EndGlobalSection
EndGlobal
